
Microsoft Visual Studio Solution File, Format Version 12.00
# Visual Studio Version 17
VisualStudioVersion = 17.0.31912.275
MinimumVisualStudioVersion = 10.0.40219.1
Project("{9A19103F-16F7-4668-BE54-9A1E7A4F7556}") = "DexieWrapper", "DexieWrapper\DexieWrapper.csproj", "{2745EF28-1B45-43D7-BCEB-6984FFD4B8D4}"
EndProject
Project("{9A19103F-16F7-4668-BE54-9A1E7A4F7556}") = "DexieWrapper.Demo", "DexieWrapper.Demo\DexieWrapper.Demo.csproj", "{EF570F16-0F2C-4CE7-ABA7-48AAA47AB191}"
EndProject
Project("{9A19103F-16F7-4668-BE54-9A1E7A4F7556}") = "DexieWrapper.Test", "DexieWrapper.Test\DexieWrapper.Test.csproj", "{F84CA3F5-1178-4D29-A8CB-D3136A945DC6}"
EndProject
Project("{2150E333-8FDC-42A3-9474-1A3956D46DE8}") = "Solution Items", "Solution Items", "{9CDA39FF-8CF5-42FD-8981-8A8F39EBEE01}"
	ProjectSection(SolutionItems) = preProject
		.gitattributes = .gitattributes
		.gitignore = .gitignore
	EndProjectSection
EndProject
Global
	GlobalSection(SolutionConfigurationPlatforms) = preSolution
		Debug|Any CPU = Debug|Any CPU
		Release|Any CPU = Release|Any CPU
	EndGlobalSection
	GlobalSection(ProjectConfigurationPlatforms) = postSolution
		{2745EF28-1B45-43D7-BCEB-6984FFD4B8D4}.Debug|Any CPU.ActiveCfg = Debug|Any CPU
		{2745EF28-1B45-43D7-BCEB-6984FFD4B8D4}.Debug|Any CPU.Build.0 = Debug|Any CPU
		{2745EF28-1B45-43D7-BCEB-6984FFD4B8D4}.Release|Any CPU.ActiveCfg = Release|Any CPU
		{2745EF28-1B45-43D7-BCEB-6984FFD4B8D4}.Release|Any CPU.Build.0 = Release|Any CPU
		{EF570F16-0F2C-4CE7-ABA7-48AAA47AB191}.Debug|Any CPU.ActiveCfg = Debug|Any CPU
		{EF570F16-0F2C-4CE7-ABA7-48AAA47AB191}.Debug|Any CPU.Build.0 = Debug|Any CPU
		{EF570F16-0F2C-4CE7-ABA7-48AAA47AB191}.Release|Any CPU.ActiveCfg = Release|Any CPU
		{EF570F16-0F2C-4CE7-ABA7-48AAA47AB191}.Release|Any CPU.Build.0 = Release|Any CPU
		{F84CA3F5-1178-4D29-A8CB-D3136A945DC6}.Debug|Any CPU.ActiveCfg = Debug|Any CPU
		{F84CA3F5-1178-4D29-A8CB-D3136A945DC6}.Debug|Any CPU.Build.0 = Debug|Any CPU
		{F84CA3F5-1178-4D29-A8CB-D3136A945DC6}.Release|Any CPU.ActiveCfg = Release|Any CPU
		{F84CA3F5-1178-4D29-A8CB-D3136A945DC6}.Release|Any CPU.Build.0 = Release|Any CPU
	EndGlobalSection
	GlobalSection(SolutionProperties) = preSolution
		HideSolutionNode = FALSE
	EndGlobalSection
	GlobalSection(ExtensibilityGlobals) = postSolution
		SolutionGuid = {806156D4-698C-4E27-A0E0-CB3952C5E67D}
	EndGlobalSection
EndGlobal
